
Microsoft Visual Studio Solution File, Format Version 12.00
# Visual Studio 2012
Project("{FAE04EC0-301F-11D3-BF4B-00C04F79EFBC}") = "SendToProwl.Console", "SendToProwl.Console\SendToProwl.Console.csproj", "{5821BC73-4B96-472C-9EF6-46B327E8F904}"
EndProject
Project("{FAE04EC0-301F-11D3-BF4B-00C04F79EFBC}") = "SendToProwl", "SendToProwl\SendToProwl.csproj", "{050824FF-FE02-49B4-BDC4-75EE5A1F9817}"
EndProject
Global
	GlobalSection(SolutionConfigurationPlatforms) = preSolution
		Debug|Any CPU = Debug|Any CPU
		Release|Any CPU = Release|Any CPU
	EndGlobalSection
	GlobalSection(ProjectConfigurationPlatforms) = postSolution
		{5821BC73-4B96-472C-9EF6-46B327E8F904}.Debug|Any CPU.ActiveCfg = Debug|Any CPU
		{5821BC73-4B96-472C-9EF6-46B327E8F904}.Debug|Any CPU.Build.0 = Debug|Any CPU
		{5821BC73-4B96-472C-9EF6-46B327E8F904}.Release|Any CPU.ActiveCfg = Release|Any CPU
		{5821BC73-4B96-472C-9EF6-46B327E8F904}.Release|Any CPU.Build.0 = Release|Any CPU
		{050824FF-FE02-49B4-BDC4-75EE5A1F9817}.Debug|Any CPU.ActiveCfg = Debug|Any CPU
		{050824FF-FE02-49B4-BDC4-75EE5A1F9817}.Debug|Any CPU.Build.0 = Debug|Any CPU
		{050824FF-FE02-49B4-BDC4-75EE5A1F9817}.Release|Any CPU.ActiveCfg = Release|Any CPU
		{050824FF-FE02-49B4-BDC4-75EE5A1F9817}.Release|Any CPU.Build.0 = Release|Any CPU
	EndGlobalSection
	GlobalSection(SolutionProperties) = preSolution
		HideSolutionNode = FALSE
	EndGlobalSection
EndGlobal
